// !$*UTF8*$!
{
	archiveVersion = 1;
	classes = {
	};
	objectVersion = 50;
	objects = {

/* Begin PBXBuildFile section */
		D0C759FA2341EC8500979AF9 /* AppDelegate.swift in Sources */ = {isa = PBXBuildFile; fileRef = D0C759F92341EC8500979AF9 /* AppDelegate.swift */; };
		D0C759FC2341EC8500979AF9 /* SceneDelegate.swift in Sources */ = {isa = PBXBuildFile; fileRef = D0C759FB2341EC8500979AF9 /* SceneDelegate.swift */; };
		D0C759FE2341EC8500979AF9 /* ContentView.swift in Sources */ = {isa = PBXBuildFile; fileRef = D0C759FD2341EC8500979AF9 /* ContentView.swift */; };
		D0C75A002341EC8600979AF9 /* Assets.xcassets in Resources */ = {isa = PBXBuildFile; fileRef = D0C759FF2341EC8600979AF9 /* Assets.xcassets */; };
		D0C75A032341EC8600979AF9 /* Preview Assets.xcassets in Resources */ = {isa = PBXBuildFile; fileRef = D0C75A022341EC8600979AF9 /* Preview Assets.xcassets */; };
		D0C75A062341EC8600979AF9 /* LaunchScreen.storyboard in Resources */ = {isa = PBXBuildFile; fileRef = D0C75A042341EC8600979AF9 /* LaunchScreen.storyboard */; };
		D0C75A0E2341ECC200979AF9 /* StrategyPattern.swift in Sources */ = {isa = PBXBuildFile; fileRef = D0C75A0D2341ECC200979AF9 /* StrategyPattern.swift */; };
		D0C75A112341ED0A00979AF9 /* Duck.swift in Sources */ = {isa = PBXBuildFile; fileRef = D0C75A102341ED0A00979AF9 /* Duck.swift */; };
		D0C75A132341ED1D00979AF9 /* DuckBehavior.swift in Sources */ = {isa = PBXBuildFile; fileRef = D0C75A122341ED1D00979AF9 /* DuckBehavior.swift */; };
		D0C75A152341ED5600979AF9 /* FlyBehavior.swift in Sources */ = {isa = PBXBuildFile; fileRef = D0C75A142341ED5600979AF9 /* FlyBehavior.swift */; };
		D0C75A172341ED8C00979AF9 /* QuackBehavior.swift in Sources */ = {isa = PBXBuildFile; fileRef = D0C75A162341ED8C00979AF9 /* QuackBehavior.swift */; };
		D0C75A192341EDCA00979AF9 /* RedheadDuck.swift in Sources */ = {isa = PBXBuildFile; fileRef = D0C75A182341EDCA00979AF9 /* RedheadDuck.swift */; };
		D0C75A1C2341EE1E00979AF9 /* MallardDuck.swift in Sources */ = {isa = PBXBuildFile; fileRef = D0C75A1B2341EE1E00979AF9 /* MallardDuck.swift */; };
		D0C75A1E2341EE2A00979AF9 /* ModelDuck.swift in Sources */ = {isa = PBXBuildFile; fileRef = D0C75A1D2341EE2A00979AF9 /* ModelDuck.swift */; };
/* End PBXBuildFile section */

/* Begin PBXFileReference section */
		D0C759F62341EC8500979AF9 /* DesignPattern.app */ = {isa = PBXFileReference; explicitFileType = wrapper.application; includeInIndex = 0; path = DesignPattern.app; sourceTree = BUILT_PRODUCTS_DIR; };
		D0C759F92341EC8500979AF9 /* AppDelegate.swift */ = {isa = PBXFileReference; lastKnownFileType = sourcecode.swift; path = AppDelegate.swift; sourceTree = "<group>"; };
		D0C759FB2341EC8500979AF9 /* SceneDelegate.swift */ = {isa = PBXFileReference; lastKnownFileType = sourcecode.swift; path = SceneDelegate.swift; sourceTree = "<group>"; };
		D0C759FD2341EC8500979AF9 /* ContentView.swift */ = {isa = PBXFileReference; lastKnownFileType = sourcecode.swift; path = ContentView.swift; sourceTree = "<group>"; };
		D0C759FF2341EC8600979AF9 /* Assets.xcassets */ = {isa = PBXFileReference; lastKnownFileType = folder.assetcatalog; path = Assets.xcassets; sourceTree = "<group>"; };
		D0C75A022341EC8600979AF9 /* Preview Assets.xcassets */ = {isa = PBXFileReference; lastKnownFileType = folder.assetcatalog; path = "Preview Assets.xcassets"; sourceTree = "<group>"; };
		D0C75A052341EC8600979AF9 /* Base */ = {isa = PBXFileReference; lastKnownFileType = file.storyboard; name = Base; path = Base.lproj/LaunchScreen.storyboard; sourceTree = "<group>"; };
		D0C75A072341EC8600979AF9 /* Info.plist */ = {isa = PBXFileReference; lastKnownFileType = text.plist.xml; path = Info.plist; sourceTree = "<group>"; };
		D0C75A0D2341ECC200979AF9 /* StrategyPattern.swift */ = {isa = PBXFileReference; lastKnownFileType = sourcecode.swift; path = StrategyPattern.swift; sourceTree = "<group>"; };
		D0C75A102341ED0A00979AF9 /* Duck.swift */ = {isa = PBXFileReference; lastKnownFileType = sourcecode.swift; path = Duck.swift; sourceTree = "<group>"; };
		D0C75A122341ED1D00979AF9 /* DuckBehavior.swift */ = {isa = PBXFileReference; lastKnownFileType = sourcecode.swift; path = DuckBehavior.swift; sourceTree = "<group>"; };
		D0C75A142341ED5600979AF9 /* FlyBehavior.swift */ = {isa = PBXFileReference; lastKnownFileType = sourcecode.swift; path = FlyBehavior.swift; sourceTree = "<group>"; };
		D0C75A162341ED8C00979AF9 /* QuackBehavior.swift */ = {isa = PBXFileReference; lastKnownFileType = sourcecode.swift; path = QuackBehavior.swift; sourceTree = "<group>"; };
		D0C75A182341EDCA00979AF9 /* RedheadDuck.swift */ = {isa = PBXFileReference; lastKnownFileType = sourcecode.swift; path = RedheadDuck.swift; sourceTree = "<group>"; };
		D0C75A1B2341EE1E00979AF9 /* MallardDuck.swift */ = {isa = PBXFileReference; lastKnownFileType = sourcecode.swift; path = MallardDuck.swift; sourceTree = "<group>"; };
		D0C75A1D2341EE2A00979AF9 /* ModelDuck.swift */ = {isa = PBXFileReference; lastKnownFileType = sourcecode.swift; path = ModelDuck.swift; sourceTree = "<group>"; };
/* End PBXFileReference section */

/* Begin PBXFrameworksBuildPhase section */
		D0C759F32341EC8500979AF9 /* Frameworks */ = {
			isa = PBXFrameworksBuildPhase;
			buildActionMask = 2147483647;
			files = (
			);
			runOnlyForDeploymentPostprocessing = 0;
		};
/* End PBXFrameworksBuildPhase section */

/* Begin PBXGroup section */
		D0C759ED2341EC8400979AF9 = {
			isa = PBXGroup;
			children = (
				D0C759F82341EC8500979AF9 /* DesignPattern */,
				D0C759F72341EC8500979AF9 /* Products */,
			);
			sourceTree = "<group>";
		};
		D0C759F72341EC8500979AF9 /* Products */ = {
			isa = PBXGroup;
			children = (
				D0C759F62341EC8500979AF9 /* DesignPattern.app */,
			);
			name = Products;
			sourceTree = "<group>";
		};
		D0C759F82341EC8500979AF9 /* DesignPattern */ = {
			isa = PBXGroup;
			children = (
				D0C759F92341EC8500979AF9 /* AppDelegate.swift */,
				D0C759FB2341EC8500979AF9 /* SceneDelegate.swift */,
				D0C759FD2341EC8500979AF9 /* ContentView.swift */,
				D0C75A0F2341ECE400979AF9 /* StrategyPattern */,
				D0C759FF2341EC8600979AF9 /* Assets.xcassets */,
				D0C75A042341EC8600979AF9 /* LaunchScreen.storyboard */,
				D0C75A072341EC8600979AF9 /* Info.plist */,
				D0C75A012341EC8600979AF9 /* Preview Content */,
			);
			path = DesignPattern;
			sourceTree = "<group>";
		};
		D0C75A012341EC8600979AF9 /* Preview Content */ = {
			isa = PBXGroup;
			children = (
				D0C75A022341EC8600979AF9 /* Preview Assets.xcassets */,
			);
			path = "Preview Content";
			sourceTree = "<group>";
		};
		D0C75A0F2341ECE400979AF9 /* StrategyPattern */ = {
			isa = PBXGroup;
			children = (
				D0C75A1F2341EE7800979AF9 /* DuckBehavior */,
				D0C75A0D2341ECC200979AF9 /* StrategyPattern.swift */,
				D0C75A102341ED0A00979AF9 /* Duck.swift */,
				D0C75A1D2341EE2A00979AF9 /* ModelDuck.swift */,
				D0C75A1B2341EE1E00979AF9 /* MallardDuck.swift */,
				D0C75A182341EDCA00979AF9 /* RedheadDuck.swift */,
				D0C75A122341ED1D00979AF9 /* DuckBehavior.swift */,
				D0C75A142341ED5600979AF9 /* FlyBehavior.swift */,
				D0C75A162341ED8C00979AF9 /* QuackBehavior.swift */,
			);
			path = StrategyPattern;
			sourceTree = "<group>";
		};
		D0C75A1F2341EE7800979AF9 /* DuckBehavior */ = {
			isa = PBXGroup;
			children = (
				D0C75A212341EEC400979AF9 /* QuackBehavior */,
				D0C75A202341EEBD00979AF9 /* FlyBehavior */,
			);
			path = DuckBehavior;
			sourceTree = "<group>";
		};
		D0C75A202341EEBD00979AF9 /* FlyBehavior */ = {
			isa = PBXGroup;
			children = (
			);
			path = FlyBehavior;
			sourceTree = "<group>";
		};
		D0C75A212341EEC400979AF9 /* QuackBehavior */ = {
			isa = PBXGroup;
			children = (
			);
			path = QuackBehavior;
			sourceTree = "<group>";
		};
/* End PBXGroup section */

/* Begin PBXNativeTarget section */
		D0C759F52341EC8500979AF9 /* DesignPattern */ = {
			isa = PBXNativeTarget;
			buildConfigurationList = D0C75A0A2341EC8600979AF9 /* Build configuration list for PBXNativeTarget "DesignPattern" */;
			buildPhases = (
				D0C759F22341EC8500979AF9 /* Sources */,
				D0C759F32341EC8500979AF9 /* Frameworks */,
				D0C759F42341EC8500979AF9 /* Resources */,
			);
			buildRules = (
			);
			dependencies = (
			);
			name = DesignPattern;
			productName = DesignPattern;
			productReference = D0C759F62341EC8500979AF9 /* DesignPattern.app */;
			productType = "com.apple.product-type.application";
		};
/* End PBXNativeTarget section */

/* Begin PBXProject section */
		D0C759EE2341EC8400979AF9 /* Project object */ = {
			isa = PBXProject;
			attributes = {
				LastSwiftUpdateCheck = 1100;
				LastUpgradeCheck = 1100;
				ORGANIZATIONNAME = "谢东华";
				TargetAttributes = {
					D0C759F52341EC8500979AF9 = {
						CreatedOnToolsVersion = 11.0;
					};
				};
			};
			buildConfigurationList = D0C759F12341EC8400979AF9 /* Build configuration list for PBXProject "DesignPattern" */;
			compatibilityVersion = "Xcode 9.3";
			developmentRegion = en;
			hasScannedForEncodings = 0;
			knownRegions = (
				en,
				Base,
			);
			mainGroup = D0C759ED2341EC8400979AF9;
			productRefGroup = D0C759F72341EC8500979AF9 /* Products */;
			projectDirPath = "";
			projectRoot = "";
			targets = (
				D0C759F52341EC8500979AF9 /* DesignPattern */,
			);
		};
/* End PBXProject section */

/* Begin PBXResourcesBuildPhase section */
		D0C759F42341EC8500979AF9 /* Resources */ = {
			isa = PBXResourcesBuildPhase;
			buildActionMask = 2147483647;
			files = (
				D0C75A062341EC8600979AF9 /* LaunchScreen.storyboard in Resources */,
				D0C75A032341EC8600979AF9 /* Preview Assets.xcassets in Resources */,
				D0C75A002341EC8600979AF9 /* Assets.xcassets in Resources */,
			);
			runOnlyForDeploymentPostprocessing = 0;
		};
/* End PBXResourcesBuildPhase section */

/* Begin PBXSourcesBuildPhase section */
		D0C759F22341EC8500979AF9 /* Sources */ = {
			isa = PBXSourcesBuildPhase;
			buildActionMask = 2147483647;
			files = (
				D0C75A132341ED1D00979AF9 /* DuckBehavior.swift in Sources */,
				D0C75A192341EDCA00979AF9 /* RedheadDuck.swift in Sources */,
				D0C75A112341ED0A00979AF9 /* Duck.swift in Sources */,
				D0C759FA2341EC8500979AF9 /* AppDelegate.swift in Sources */,
				D0C75A1E2341EE2A00979AF9 /* ModelDuck.swift in Sources */,
				D0C75A172341ED8C00979AF9 /* QuackBehavior.swift in Sources */,
				D0C75A0E2341ECC200979AF9 /* StrategyPattern.swift in Sources */,
				D0C75A1C2341EE1E00979AF9 /* MallardDuck.swift in Sources */,
				D0C759FC2341EC8500979AF9 /* SceneDelegate.swift in Sources */,
				D0C759FE2341EC8500979AF9 /* ContentView.swift in Sources */,
				D0C75A152341ED5600979AF9 /* FlyBehavior.swift in Sources */,
			);
			runOnlyForDeploymentPostprocessing = 0;
		};
/* End PBXSourcesBuildPhase section */

/* Begin PBXVariantGroup section */
		D0C75A042341EC8600979AF9 /* LaunchScreen.storyboard */ = {
			isa = PBXVariantGroup;
			children = (
				D0C75A052341EC8600979AF9 /* Base */,
			);
			name = LaunchScreen.storyboard;
			sourceTree = "<group>";
		};
/* End PBXVariantGroup section */

/* Begin XCBuildConfiguration section */
		D0C75A082341EC8600979AF9 /* Debug */ = {
			isa = XCBuildConfiguration;
			buildSettings = {
				ALWAYS_SEARCH_USER_PATHS = NO;
				CLANG_ANALYZER_NONNULL = YES;
				CLANG_ANALYZER_NUMBER_OBJECT_CONVERSION = YES_AGGRESSIVE;
				CLANG_CXX_LANGUAGE_STANDARD = "gnu++14";
				CLANG_CXX_LIBRARY = "libc++";
				CLANG_ENABLE_MODULES = YES;
				CLANG_ENABLE_OBJC_ARC = YES;
				CLANG_ENABLE_OBJC_WEAK = YES;
				CLANG_WARN_BLOCK_CAPTURE_AUTORELEASING = YES;
				CLANG_WARN_BOOL_CONVERSION = YES;
				CLANG_WARN_COMMA = YES;
				CLANG_WARN_CONSTANT_CONVERSION = YES;
				CLANG_WARN_DEPRECATED_OBJC_IMPLEMENTATIONS = YES;
				CLANG_WARN_DIRECT_OBJC_ISA_USAGE = YES_ERROR;
				CLANG_WARN_DOCUMENTATION_COMMENTS = YES;
				CLANG_WARN_EMPTY_BODY = YES;
				CLANG_WARN_ENUM_CONVERSION = YES;
				CLANG_WARN_INFINITE_RECURSION = YES;
				CLANG_WARN_INT_CONVERSION = YES;
				CLANG_WARN_NON_LITERAL_NULL_CONVERSION = YES;
				CLANG_WARN_OBJC_IMPLICIT_RETAIN_SELF = YES;
				CLANG_WARN_OBJC_LITERAL_CONVERSION = YES;
				CLANG_WARN_OBJC_ROOT_CLASS = YES_ERROR;
				CLANG_WARN_RANGE_LOOP_ANALYSIS = YES;
				CLANG_WARN_STRICT_PROTOTYPES = YES;
				CLANG_WARN_SUSPICIOUS_MOVE = YES;
				CLANG_WARN_UNGUARDED_AVAILABILITY = YES_AGGRESSIVE;
				CLANG_WARN_UNREACHABLE_CODE = YES;
				CLANG_WARN__DUPLICATE_METHOD_MATCH = YES;
				COPY_PHASE_STRIP = NO;
				DEBUG_INFORMATION_FORMAT = dwarf;
				ENABLE_STRICT_OBJC_MSGSEND = YES;
				ENABLE_TESTABILITY = YES;
				GCC_C_LANGUAGE_STANDARD = gnu11;
				GCC_DYNAMIC_NO_PIC = NO;
				GCC_NO_COMMON_BLOCKS = YES;
				GCC_OPTIMIZATION_LEVEL = 0;
				GCC_PREPROCESSOR_DEFINITIONS = (
					"DEBUG=1",
					"$(inherited)",
				);
				GCC_WARN_64_TO_32_BIT_CONVERSION = YES;
				GCC_WARN_ABOUT_RETURN_TYPE = YES_ERROR;
				GCC_WARN_UNDECLARED_SELECTOR = YES;
				GCC_WARN_UNINITIALIZED_AUTOS = YES_AGGRESSIVE;
				GCC_WARN_UNUSED_FUNCTION = YES;
				GCC_WARN_UNUSED_VARIABLE = YES;
				IPHONEOS_DEPLOYMENT_TARGET = 13.0;
				MTL_ENABLE_DEBUG_INFO = INCLUDE_SOURCE;
				MTL_FAST_MATH = YES;
				ONLY_ACTIVE_ARCH = YES;
				SDKROOT = iphoneos;
				SWIFT_ACTIVE_COMPILATION_CONDITIONS = DEBUG;
				SWIFT_OPTIMIZATION_LEVEL = "-Onone";
			};
			name = Debug;
		};
		D0C75A092341EC8600979AF9 /* Release */ = {
			isa = XCBuildConfiguration;
			buildSettings = {
				ALWAYS_SEARCH_USER_PATHS = NO;
				CLANG_ANALYZER_NONNULL = YES;
				CLANG_ANALYZER_NUMBER_OBJECT_CONVERSION = YES_AGGRESSIVE;
				CLANG_CXX_LANGUAGE_STANDARD = "gnu++14";
				CLANG_CXX_LIBRARY = "libc++";
				CLANG_ENABLE_MODULES = YES;
				CLANG_ENABLE_OBJC_ARC = YES;
				CLANG_ENABLE_OBJC_WEAK = YES;
				CLANG_WARN_BLOCK_CAPTURE_AUTORELEASING = YES;
				CLANG_WARN_BOOL_CONVERSION = YES;
				CLANG_WARN_COMMA = YES;
				CLANG_WARN_CONSTANT_CONVERSION = YES;
				CLANG_WARN_DEPRECATED_OBJC_IMPLEMENTATIONS = YES;
				CLANG_WARN_DIRECT_OBJC_ISA_USAGE = YES_ERROR;
				CLANG_WARN_DOCUMENTATION_COMMENTS = YES;
				CLANG_WARN_EMPTY_BODY = YES;
				CLANG_WARN_ENUM_CONVERSION = YES;
				CLANG_WARN_INFINITE_RECURSION = YES;
				CLANG_WARN_INT_CONVERSION = YES;
				CLANG_WARN_NON_LITERAL_NULL_CONVERSION = YES;
				CLANG_WARN_OBJC_IMPLICIT_RETAIN_SELF = YES;
				CLANG_WARN_OBJC_LITERAL_CONVERSION = YES;
				CLANG_WARN_OBJC_ROOT_CLASS = YES_ERROR;
				CLANG_WARN_RANGE_LOOP_ANALYSIS = YES;
				CLANG_WARN_STRICT_PROTOTYPES = YES;
				CLANG_WARN_SUSPICIOUS_MOVE = YES;
				CLANG_WARN_UNGUARDED_AVAILABILITY = YES_AGGRESSIVE;
				CLANG_WARN_UNREACHABLE_CODE = YES;
				CLANG_WARN__DUPLICATE_METHOD_MATCH = YES;
				COPY_PHASE_STRIP = NO;
				DEBUG_INFORMATION_FORMAT = "dwarf-with-dsym";
				ENABLE_NS_ASSERTIONS = NO;
				ENABLE_STRICT_OBJC_MSGSEND = YES;
				GCC_C_LANGUAGE_STANDARD = gnu11;
				GCC_NO_COMMON_BLOCKS = YES;
				GCC_WARN_64_TO_32_BIT_CONVERSION = YES;
				GCC_WARN_ABOUT_RETURN_TYPE = YES_ERROR;
				GCC_WARN_UNDECLARED_SELECTOR = YES;
				GCC_WARN_UNINITIALIZED_AUTOS = YES_AGGRESSIVE;
				GCC_WARN_UNUSED_FUNCTION = YES;
				GCC_WARN_UNUSED_VARIABLE = YES;
				IPHONEOS_DEPLOYMENT_TARGET = 13.0;
				MTL_ENABLE_DEBUG_INFO = NO;
				MTL_FAST_MATH = YES;
				SDKROOT = iphoneos;
				SWIFT_COMPILATION_MODE = wholemodule;
				SWIFT_OPTIMIZATION_LEVEL = "-O";
				VALIDATE_PRODUCT = YES;
			};
			name = Release;
		};
		D0C75A0B2341EC8600979AF9 /* Debug */ = {
			isa = XCBuildConfiguration;
			buildSettings = {
				ASSETCATALOG_COMPILER_APPICON_NAME = AppIcon;
				CODE_SIGN_STYLE = Automatic;
				DEVELOPMENT_ASSET_PATHS = "\"DesignPattern/Preview Content\"";
				DEVELOPMENT_TEAM = 7CA89CVK8A;
				ENABLE_PREVIEWS = YES;
				INFOPLIST_FILE = DesignPattern/Info.plist;
				LD_RUNPATH_SEARCH_PATHS = (
					"$(inherited)",
					"@executable_path/Frameworks",
				);
				PRODUCT_BUNDLE_IDENTIFIER = com.sencent.DesignPattern;
				PRODUCT_NAME = "$(TARGET_NAME)";
				SWIFT_VERSION = 5.0;
				TARGETED_DEVICE_FAMILY = "1,2";
			};
			name = Debug;
		};
		D0C75A0C2341EC8600979AF9 /* Release */ = {
			isa = XCBuildConfiguration;
			buildSettings = {
				ASSETCATALOG_COMPILER_APPICON_NAME = AppIcon;
				CODE_SIGN_STYLE = Automatic;
				DEVELOPMENT_ASSET_PATHS = "\"DesignPattern/Preview Content\"";
				DEVELOPMENT_TEAM = 7CA89CVK8A;
				ENABLE_PREVIEWS = YES;
				INFOPLIST_FILE = DesignPattern/Info.plist;
				LD_RUNPATH_SEARCH_PATHS = (
					"$(inherited)",
					"@executable_path/Frameworks",
				);
				PRODUCT_BUNDLE_IDENTIFIER = com.sencent.DesignPattern;
				PRODUCT_NAME = "$(TARGET_NAME)";
				SWIFT_VERSION = 5.0;
				TARGETED_DEVICE_FAMILY = "1,2";
			};
			name = Release;
		};
/* End XCBuildConfiguration section */

/* Begin XCConfigurationList section */
		D0C759F12341EC8400979AF9 /* Build configuration list for PBXProject "DesignPattern" */ = {
			isa = XCConfigurationList;
			buildConfigurations = (
				D0C75A082341EC8600979AF9 /* Debug */,
				D0C75A092341EC8600979AF9 /* Release */,
			);
			defaultConfigurationIsVisible = 0;
			defaultConfigurationName = Release;
		};
		D0C75A0A2341EC8600979AF9 /* Build configuration list for PBXNativeTarget "DesignPattern" */ = {
			isa = XCConfigurationList;
			buildConfigurations = (
				D0C75A0B2341EC8600979AF9 /* Debug */,
				D0C75A0C2341EC8600979AF9 /* Release */,
			);
			defaultConfigurationIsVisible = 0;
			defaultConfigurationName = Release;
		};
/* End XCConfigurationList section */
	};
	rootObject = D0C759EE2341EC8400979AF9 /* Project object */;
}
